// !$*UTF8*$!
{
	archiveVersion = 1;
	classes = {
	};
	objectVersion = 56;
	objects = {

/* Begin PBXBuildFile section */
		558B9B8B2A27A02200C7F7B9 /* MySpendApp.swift in Sources */ = {isa = PBXBuildFile; fileRef = 558B9B8A2A27A02200C7F7B9 /* MySpendApp.swift */; };
		558B9B8D2A27A02200C7F7B9 /* ContentView.swift in Sources */ = {isa = PBXBuildFile; fileRef = 558B9B8C2A27A02200C7F7B9 /* ContentView.swift */; };
		558B9B8F2A27A02400C7F7B9 /* Assets.xcassets in Resources */ = {isa = PBXBuildFile; fileRef = 558B9B8E2A27A02400C7F7B9 /* Assets.xcassets */; };
		558B9B922A27A02400C7F7B9 /* Preview Assets.xcassets in Resources */ = {isa = PBXBuildFile; fileRef = 558B9B912A27A02400C7F7B9 /* Preview Assets.xcassets */; };
		558B9BA02A27A10300C7F7B9 /* CreateExpense.swift in Sources */ = {isa = PBXBuildFile; fileRef = 558B9B992A27A10300C7F7B9 /* CreateExpense.swift */; };
		558B9BA12A27A10300C7F7B9 /* CalendarCell.swift in Sources */ = {isa = PBXBuildFile; fileRef = 558B9B9A2A27A10300C7F7B9 /* CalendarCell.swift */; };
		558B9BA22A27A10300C7F7B9 /* CalendarView.swift in Sources */ = {isa = PBXBuildFile; fileRef = 558B9B9B2A27A10300C7F7B9 /* CalendarView.swift */; };
		558B9BA32A27A10300C7F7B9 /* Expense.swift in Sources */ = {isa = PBXBuildFile; fileRef = 558B9B9D2A27A10300C7F7B9 /* Expense.swift */; };
		558B9BA42A27A10300C7F7B9 /* generateCalendar.swift in Sources */ = {isa = PBXBuildFile; fileRef = 558B9B9F2A27A10300C7F7B9 /* generateCalendar.swift */; };
		558B9BA82A27A91300C7F7B9 /* ModelData.swift in Sources */ = {isa = PBXBuildFile; fileRef = 558B9BA72A27A91300C7F7B9 /* ModelData.swift */; };
/* End PBXBuildFile section */

/* Begin PBXFileReference section */
		558B9B872A27A02200C7F7B9 /* MySpend.app */ = {isa = PBXFileReference; explicitFileType = wrapper.application; includeInIndex = 0; path = MySpend.app; sourceTree = BUILT_PRODUCTS_DIR; };
		558B9B8A2A27A02200C7F7B9 /* MySpendApp.swift */ = {isa = PBXFileReference; lastKnownFileType = sourcecode.swift; path = MySpendApp.swift; sourceTree = "<group>"; };
		558B9B8C2A27A02200C7F7B9 /* ContentView.swift */ = {isa = PBXFileReference; lastKnownFileType = sourcecode.swift; path = ContentView.swift; sourceTree = "<group>"; };
		558B9B8E2A27A02400C7F7B9 /* Assets.xcassets */ = {isa = PBXFileReference; lastKnownFileType = folder.assetcatalog; path = Assets.xcassets; sourceTree = "<group>"; };
		558B9B912A27A02400C7F7B9 /* Preview Assets.xcassets */ = {isa = PBXFileReference; lastKnownFileType = folder.assetcatalog; path = "Preview Assets.xcassets"; sourceTree = "<group>"; };
		558B9B992A27A10300C7F7B9 /* CreateExpense.swift */ = {isa = PBXFileReference; fileEncoding = 4; lastKnownFileType = sourcecode.swift; path = CreateExpense.swift; sourceTree = "<group>"; };
		558B9B9A2A27A10300C7F7B9 /* CalendarCell.swift */ = {isa = PBXFileReference; fileEncoding = 4; lastKnownFileType = sourcecode.swift; path = CalendarCell.swift; sourceTree = "<group>"; };
		558B9B9B2A27A10300C7F7B9 /* CalendarView.swift */ = {isa = PBXFileReference; fileEncoding = 4; lastKnownFileType = sourcecode.swift; path = CalendarView.swift; sourceTree = "<group>"; };
		558B9B9D2A27A10300C7F7B9 /* Expense.swift */ = {isa = PBXFileReference; fileEncoding = 4; lastKnownFileType = sourcecode.swift; path = Expense.swift; sourceTree = "<group>"; };
		558B9B9F2A27A10300C7F7B9 /* generateCalendar.swift */ = {isa = PBXFileReference; fileEncoding = 4; lastKnownFileType = sourcecode.swift; path = generateCalendar.swift; sourceTree = "<group>"; };
		558B9BA72A27A91300C7F7B9 /* ModelData.swift */ = {isa = PBXFileReference; fileEncoding = 4; lastKnownFileType = sourcecode.swift; path = ModelData.swift; sourceTree = "<group>"; };
/* End PBXFileReference section */

/* Begin PBXFrameworksBuildPhase section */
		558B9B842A27A02200C7F7B9 /* Frameworks */ = {
			isa = PBXFrameworksBuildPhase;
			buildActionMask = 2147483647;
			files = (
			);
			runOnlyForDeploymentPostprocessing = 0;
		};
/* End PBXFrameworksBuildPhase section */

/* Begin PBXGroup section */
		558B9B7E2A27A02200C7F7B9 = {
			isa = PBXGroup;
			children = (
				558B9B892A27A02200C7F7B9 /* MySpend */,
				558B9B882A27A02200C7F7B9 /* Products */,
			);
			sourceTree = "<group>";
		};
		558B9B882A27A02200C7F7B9 /* Products */ = {
			isa = PBXGroup;
			children = (
				558B9B872A27A02200C7F7B9 /* MySpend.app */,
			);
			name = Products;
			sourceTree = "<group>";
		};
		558B9B892A27A02200C7F7B9 /* MySpend */ = {
			isa = PBXGroup;
			children = (
				558B9B8A2A27A02200C7F7B9 /* MySpendApp.swift */,
				558B9B9C2A27A10300C7F7B9 /* Model */,
				558B9B982A27A10300C7F7B9 /* Views */,
				558B9B9E2A27A10300C7F7B9 /* Helpers */,
				558B9B8C2A27A02200C7F7B9 /* ContentView.swift */,
				558B9B8E2A27A02400C7F7B9 /* Assets.xcassets */,
				558B9B902A27A02400C7F7B9 /* Preview Content */,
			);
			path = MySpend;
			sourceTree = "<group>";
		};
		558B9B902A27A02400C7F7B9 /* Preview Content */ = {
			isa = PBXGroup;
			children = (
				558B9B912A27A02400C7F7B9 /* Preview Assets.xcassets */,
			);
			path = "Preview Content";
			sourceTree = "<group>";
		};
		558B9B982A27A10300C7F7B9 /* Views */ = {
			isa = PBXGroup;
			children = (
				558B9B992A27A10300C7F7B9 /* CreateExpense.swift */,
				558B9B9A2A27A10300C7F7B9 /* CalendarCell.swift */,
				558B9B9B2A27A10300C7F7B9 /* CalendarView.swift */,
			);
			path = Views;
			sourceTree = "<group>";
		};
		558B9B9C2A27A10300C7F7B9 /* Model */ = {
			isa = PBXGroup;
			children = (
				558B9BA72A27A91300C7F7B9 /* ModelData.swift */,
				558B9B9D2A27A10300C7F7B9 /* Expense.swift */,
			);
			path = Model;
			sourceTree = "<group>";
		};
		558B9B9E2A27A10300C7F7B9 /* Helpers */ = {
			isa = PBXGroup;
			children = (
				558B9B9F2A27A10300C7F7B9 /* generateCalendar.swift */,
			);
			path = Helpers;
			sourceTree = "<group>";
		};
/* End PBXGroup section */

/* Begin PBXNativeTarget section */
		558B9B862A27A02200C7F7B9 /* MySpend */ = {
			isa = PBXNativeTarget;
			buildConfigurationList = 558B9B952A27A02400C7F7B9 /* Build configuration list for PBXNativeTarget "MySpend" */;
			buildPhases = (
				558B9B832A27A02200C7F7B9 /* Sources */,
				558B9B842A27A02200C7F7B9 /* Frameworks */,
				558B9B852A27A02200C7F7B9 /* Resources */,
			);
			buildRules = (
			);
			dependencies = (
			);
			name = MySpend;
			productName = MySpend;
			productReference = 558B9B872A27A02200C7F7B9 /* MySpend.app */;
			productType = "com.apple.product-type.application";
		};
/* End PBXNativeTarget section */

/* Begin PBXProject section */
		558B9B7F2A27A02200C7F7B9 /* Project object */ = {
			isa = PBXProject;
			attributes = {
				BuildIndependentTargetsInParallel = 1;
				LastSwiftUpdateCheck = 1430;
				LastUpgradeCheck = 1430;
				TargetAttributes = {
					558B9B862A27A02200C7F7B9 = {
						CreatedOnToolsVersion = 14.3;
					};
				};
			};
			buildConfigurationList = 558B9B822A27A02200C7F7B9 /* Build configuration list for PBXProject "MySpend" */;
			compatibilityVersion = "Xcode 14.0";
			developmentRegion = en;
			hasScannedForEncodings = 0;
			knownRegions = (
				en,
				Base,
			);
			mainGroup = 558B9B7E2A27A02200C7F7B9;
			productRefGroup = 558B9B882A27A02200C7F7B9 /* Products */;
			projectDirPath = "";
			projectRoot = "";
			targets = (
				558B9B862A27A02200C7F7B9 /* MySpend */,
			);
		};
/* End PBXProject section */

/* Begin PBXResourcesBuildPhase section */
		558B9B852A27A02200C7F7B9 /* Resources */ = {
			isa = PBXResourcesBuildPhase;
			buildActionMask = 2147483647;
			files = (
				558B9B922A27A02400C7F7B9 /* Preview Assets.xcassets in Resources */,
				558B9B8F2A27A02400C7F7B9 /* Assets.xcassets in Resources */,
			);
			runOnlyForDeploymentPostprocessing = 0;
		};
/* End PBXResourcesBuildPhase section */

/* Begin PBXSourcesBuildPhase section */
		558B9B832A27A02200C7F7B9 /* Sources */ = {
			isa = PBXSourcesBuildPhase;
			buildActionMask = 2147483647;
			files = (
				558B9BA32A27A10300C7F7B9 /* Expense.swift in Sources */,
				558B9BA22A27A10300C7F7B9 /* CalendarView.swift in Sources */,
				558B9B8D2A27A02200C7F7B9 /* ContentView.swift in Sources */,
				558B9B8B2A27A02200C7F7B9 /* MySpendApp.swift in Sources */,
				558B9BA42A27A10300C7F7B9 /* generateCalendar.swift in Sources */,
				558B9BA82A27A91300C7F7B9 /* ModelData.swift in Sources */,
				558B9BA02A27A10300C7F7B9 /* CreateExpense.swift in Sources */,
				558B9BA12A27A10300C7F7B9 /* CalendarCell.swift in Sources */,
			);
			runOnlyForDeploymentPostprocessing = 0;
		};
/* End PBXSourcesBuildPhase section */

/* Begin XCBuildConfiguration section */
		558B9B932A27A02400C7F7B9 /* Debug */ = {
			isa = XCBuildConfiguration;
			buildSettings = {
				ALWAYS_SEARCH_USER_PATHS = NO;
				CLANG_ANALYZER_NONNULL = YES;
				CLANG_ANALYZER_NUMBER_OBJECT_CONVERSION = YES_AGGRESSIVE;
				CLANG_CXX_LANGUAGE_STANDARD = "gnu++20";
				CLANG_ENABLE_MODULES = YES;
				CLANG_ENABLE_OBJC_ARC = YES;
				CLANG_ENABLE_OBJC_WEAK = YES;
				CLANG_WARN_BLOCK_CAPTURE_AUTORELEASING = YES;
				CLANG_WARN_BOOL_CONVERSION = YES;
				CLANG_WARN_COMMA = YES;
				CLANG_WARN_CONSTANT_CONVERSION = YES;
				CLANG_WARN_DEPRECATED_OBJC_IMPLEMENTATIONS = YES;
				CLANG_WARN_DIRECT_OBJC_ISA_USAGE = YES_ERROR;
				CLANG_WARN_DOCUMENTATION_COMMENTS = YES;
				CLANG_WARN_EMPTY_BODY = YES;
				CLANG_WARN_ENUM_CONVERSION = YES;
				CLANG_WARN_INFINITE_RECURSION = YES;
				CLANG_WARN_INT_CONVERSION = YES;
				CLANG_WARN_NON_LITERAL_NULL_CONVERSION = YES;
				CLANG_WARN_OBJC_IMPLICIT_RETAIN_SELF = YES;
				CLANG_WARN_OBJC_LITERAL_CONVERSION = YES;
				CLANG_WARN_OBJC_ROOT_CLASS = YES_ERROR;
				CLANG_WARN_QUOTED_INCLUDE_IN_FRAMEWORK_HEADER = YES;
				CLANG_WARN_RANGE_LOOP_ANALYSIS = YES;
				CLANG_WARN_STRICT_PROTOTYPES = YES;
				CLANG_WARN_SUSPICIOUS_MOVE = YES;
				CLANG_WARN_UNGUARDED_AVAILABILITY = YES_AGGRESSIVE;
				CLANG_WARN_UNREACHABLE_CODE = YES;
				CLANG_WARN__DUPLICATE_METHOD_MATCH = YES;
				COPY_PHASE_STRIP = NO;
				DEBUG_INFORMATION_FORMAT = dwarf;
				ENABLE_STRICT_OBJC_MSGSEND = YES;
				ENABLE_TESTABILITY = YES;
				GCC_C_LANGUAGE_STANDARD = gnu11;
				GCC_DYNAMIC_NO_PIC = NO;
				GCC_NO_COMMON_BLOCKS = YES;
				GCC_OPTIMIZATION_LEVEL = 0;
				GCC_PREPROCESSOR_DEFINITIONS = (
					"DEBUG=1",
					"$(inherited)",
				);
				GCC_WARN_64_TO_32_BIT_CONVERSION = YES;
				GCC_WARN_ABOUT_RETURN_TYPE = YES_ERROR;
				GCC_WARN_UNDECLARED_SELECTOR = YES;
				GCC_WARN_UNINITIALIZED_AUTOS = YES_AGGRESSIVE;
				GCC_WARN_UNUSED_FUNCTION = YES;
				GCC_WARN_UNUSED_VARIABLE = YES;
				IPHONEOS_DEPLOYMENT_TARGET = 16.4;
				MTL_ENABLE_DEBUG_INFO = INCLUDE_SOURCE;
				MTL_FAST_MATH = YES;
				ONLY_ACTIVE_ARCH = YES;
				SDKROOT = iphoneos;
				SWIFT_ACTIVE_COMPILATION_CONDITIONS = DEBUG;
				SWIFT_OPTIMIZATION_LEVEL = "-Onone";
			};
			name = Debug;
		};
		558B9B942A27A02400C7F7B9 /* Release */ = {
			isa = XCBuildConfiguration;
			buildSettings = {
				ALWAYS_SEARCH_USER_PATHS = NO;
				CLANG_ANALYZER_NONNULL = YES;
				CLANG_ANALYZER_NUMBER_OBJECT_CONVERSION = YES_AGGRESSIVE;
				CLANG_CXX_LANGUAGE_STANDARD = "gnu++20";
				CLANG_ENABLE_MODULES = YES;
				CLANG_ENABLE_OBJC_ARC = YES;
				CLANG_ENABLE_OBJC_WEAK = YES;
				CLANG_WARN_BLOCK_CAPTURE_AUTORELEASING = YES;
				CLANG_WARN_BOOL_CONVERSION = YES;
				CLANG_WARN_COMMA = YES;
				CLANG_WARN_CONSTANT_CONVERSION = YES;
				CLANG_WARN_DEPRECATED_OBJC_IMPLEMENTATIONS = YES;
				CLANG_WARN_DIRECT_OBJC_ISA_USAGE = YES_ERROR;
				CLANG_WARN_DOCUMENTATION_COMMENTS = YES;
				CLANG_WARN_EMPTY_BODY = YES;
				CLANG_WARN_ENUM_CONVERSION = YES;
				CLANG_WARN_INFINITE_RECURSION = YES;
				CLANG_WARN_INT_CONVERSION = YES;
				CLANG_WARN_NON_LITERAL_NULL_CONVERSION = YES;
				CLANG_WARN_OBJC_IMPLICIT_RETAIN_SELF = YES;
				CLANG_WARN_OBJC_LITERAL_CONVERSION = YES;
				CLANG_WARN_OBJC_ROOT_CLASS = YES_ERROR;
				CLANG_WARN_QUOTED_INCLUDE_IN_FRAMEWORK_HEADER = YES;
				CLANG_WARN_RANGE_LOOP_ANALYSIS = YES;
				CLANG_WARN_STRICT_PROTOTYPES = YES;
				CLANG_WARN_SUSPICIOUS_MOVE = YES;
				CLANG_WARN_UNGUARDED_AVAILABILITY = YES_AGGRESSIVE;
				CLANG_WARN_UNREACHABLE_CODE = YES;
				CLANG_WARN__DUPLICATE_METHOD_MATCH = YES;
				COPY_PHASE_STRIP = NO;
				DEBUG_INFORMATION_FORMAT = "dwarf-with-dsym";
				ENABLE_NS_ASSERTIONS = NO;
				ENABLE_STRICT_OBJC_MSGSEND = YES;
				GCC_C_LANGUAGE_STANDARD = gnu11;
				GCC_NO_COMMON_BLOCKS = YES;
				GCC_WARN_64_TO_32_BIT_CONVERSION = YES;
				GCC_WARN_ABOUT_RETURN_TYPE = YES_ERROR;
				GCC_WARN_UNDECLARED_SELECTOR = YES;
				GCC_WARN_UNINITIALIZED_AUTOS = YES_AGGRESSIVE;
				GCC_WARN_UNUSED_FUNCTION = YES;
				GCC_WARN_UNUSED_VARIABLE = YES;
				IPHONEOS_DEPLOYMENT_TARGET = 16.4;
				MTL_ENABLE_DEBUG_INFO = NO;
				MTL_FAST_MATH = YES;
				SDKROOT = iphoneos;
				SWIFT_COMPILATION_MODE = wholemodule;
				SWIFT_OPTIMIZATION_LEVEL = "-O";
				VALIDATE_PRODUCT = YES;
			};
			name = Release;
		};
		558B9B962A27A02400C7F7B9 /* Debug */ = {
			isa = XCBuildConfiguration;
			buildSettings = {
				ASSETCATALOG_COMPILER_APPICON_NAME = AppIcon;
				ASSETCATALOG_COMPILER_GLOBAL_ACCENT_COLOR_NAME = AccentColor;
				CODE_SIGN_STYLE = Automatic;
				CURRENT_PROJECT_VERSION = 1;
				DEVELOPMENT_ASSET_PATHS = "\"MySpend/Preview Content\"";
				ENABLE_PREVIEWS = YES;
				GENERATE_INFOPLIST_FILE = YES;
				INFOPLIST_KEY_UIApplicationSceneManifest_Generation = YES;
				INFOPLIST_KEY_UIApplicationSupportsIndirectInputEvents = YES;
				INFOPLIST_KEY_UILaunchScreen_Generation = YES;
				INFOPLIST_KEY_UISupportedInterfaceOrientations_iPad = "UIInterfaceOrientationPortrait UIInterfaceOrientationPortraitUpsideDown UIInterfaceOrientationLandscapeLeft UIInterfaceOrientationLandscapeRight";
				INFOPLIST_KEY_UISupportedInterfaceOrientations_iPhone = "UIInterfaceOrientationPortrait UIInterfaceOrientationLandscapeLeft UIInterfaceOrientationLandscapeRight";
				LD_RUNPATH_SEARCH_PATHS = (
					"$(inherited)",
					"@executable_path/Frameworks",
				);
				MARKETING_VERSION = 1.0;
				PRODUCT_BUNDLE_IDENTIFIER = com.example.MySpend;
				PRODUCT_NAME = "$(TARGET_NAME)";
				SWIFT_EMIT_LOC_STRINGS = YES;
				SWIFT_VERSION = 5.0;
				TARGETED_DEVICE_FAMILY = "1,2";
			};
			name = Debug;
		};
		558B9B972A27A02400C7F7B9 /* Release */ = {
			isa = XCBuildConfiguration;
			buildSettings = {
				ASSETCATALOG_COMPILER_APPICON_NAME = AppIcon;
				ASSETCATALOG_COMPILER_GLOBAL_ACCENT_COLOR_NAME = AccentColor;
				CODE_SIGN_STYLE = Automatic;
				CURRENT_PROJECT_VERSION = 1;
				DEVELOPMENT_ASSET_PATHS = "\"MySpend/Preview Content\"";
				ENABLE_PREVIEWS = YES;
				GENERATE_INFOPLIST_FILE = YES;
				INFOPLIST_KEY_UIApplicationSceneManifest_Generation = YES;
				INFOPLIST_KEY_UIApplicationSupportsIndirectInputEvents = YES;
				INFOPLIST_KEY_UILaunchScreen_Generation = YES;
				INFOPLIST_KEY_UISupportedInterfaceOrientations_iPad = "UIInterfaceOrientationPortrait UIInterfaceOrientationPortraitUpsideDown UIInterfaceOrientationLandscapeLeft UIInterfaceOrientationLandscapeRight";
				INFOPLIST_KEY_UISupportedInterfaceOrientations_iPhone = "UIInterfaceOrientationPortrait UIInterfaceOrientationLandscapeLeft UIInterfaceOrientationLandscapeRight";
				LD_RUNPATH_SEARCH_PATHS = (
					"$(inherited)",
					"@executable_path/Frameworks",
				);
				MARKETING_VERSION = 1.0;
				PRODUCT_BUNDLE_IDENTIFIER = com.example.MySpend;
				PRODUCT_NAME = "$(TARGET_NAME)";
				SWIFT_EMIT_LOC_STRINGS = YES;
				SWIFT_VERSION = 5.0;
				TARGETED_DEVICE_FAMILY = "1,2";
			};
			name = Release;
		};
/* End XCBuildConfiguration section */

/* Begin XCConfigurationList section */
		558B9B822A27A02200C7F7B9 /* Build configuration list for PBXProject "MySpend" */ = {
			isa = XCConfigurationList;
			buildConfigurations = (
				558B9B932A27A02400C7F7B9 /* Debug */,
				558B9B942A27A02400C7F7B9 /* Release */,
			);
			defaultConfigurationIsVisible = 0;
			defaultConfigurationName = Release;
		};
		558B9B952A27A02400C7F7B9 /* Build configuration list for PBXNativeTarget "MySpend" */ = {
			isa = XCConfigurationList;
			buildConfigurations = (
				558B9B962A27A02400C7F7B9 /* Debug */,
				558B9B972A27A02400C7F7B9 /* Release */,
			);
			defaultConfigurationIsVisible = 0;
			defaultConfigurationName = Release;
		};
/* End XCConfigurationList section */
	};
	rootObject = 558B9B7F2A27A02200C7F7B9 /* Project object */;
}
